
Microsoft Visual Studio Solution File, Format Version 12.00
# Visual Studio Version 16
VisualStudioVersion = 16.0.30804.86
MinimumVisualStudioVersion = 10.0.40219.1
Project("{FAE04EC0-301F-11D3-BF4B-00C04F79EFBC}") = "Uri1043", "Uri1043\Uri1043.csproj", "{039EBE0D-79F5-4F8C-8351-0ED3E003610C}"
EndProject
Global
	GlobalSection(SolutionConfigurationPlatforms) = preSolution
		Debug|Any CPU = Debug|Any CPU
		Release|Any CPU = Release|Any CPU
	EndGlobalSection
	GlobalSection(ProjectConfigurationPlatforms) = postSolution
		{039EBE0D-79F5-4F8C-8351-0ED3E003610C}.Debug|Any CPU.ActiveCfg = Debug|Any CPU
		{039EBE0D-79F5-4F8C-8351-0ED3E003610C}.Debug|Any CPU.Build.0 = Debug|Any CPU
		{039EBE0D-79F5-4F8C-8351-0ED3E003610C}.Release|Any CPU.ActiveCfg = Release|Any CPU
		{039EBE0D-79F5-4F8C-8351-0ED3E003610C}.Release|Any CPU.Build.0 = Release|Any CPU
	EndGlobalSection
	GlobalSection(SolutionProperties) = preSolution
		HideSolutionNode = FALSE
	EndGlobalSection
	GlobalSection(ExtensibilityGlobals) = postSolution
		SolutionGuid = {F2A1D1A3-544E-4591-8B5C-AF0E32340DCD}
	EndGlobalSection
EndGlobal
